
Microsoft Visual Studio Solution File, Format Version 12.00
# Visual Studio Version 16
VisualStudioVersion = 16.0.30907.101
MinimumVisualStudioVersion = 10.0.40219.1
Project("{FAE04EC0-301F-11D3-BF4B-00C04F79EFBC}") = "BinaryTestApp", "BinaryTestApp\BinaryTestApp.csproj", "{BCD3B2B0-E8C3-4AC8-AA39-49686CE8650C}"
EndProject
Global
	GlobalSection(SolutionConfigurationPlatforms) = preSolution
		Debug|Any CPU = Debug|Any CPU
		Release|Any CPU = Release|Any CPU
	EndGlobalSection
	GlobalSection(ProjectConfigurationPlatforms) = postSolution
		{BCD3B2B0-E8C3-4AC8-AA39-49686CE8650C}.Debug|Any CPU.ActiveCfg = Debug|Any CPU
		{BCD3B2B0-E8C3-4AC8-AA39-49686CE8650C}.Debug|Any CPU.Build.0 = Debug|Any CPU
		{BCD3B2B0-E8C3-4AC8-AA39-49686CE8650C}.Release|Any CPU.ActiveCfg = Release|Any CPU
		{BCD3B2B0-E8C3-4AC8-AA39-49686CE8650C}.Release|Any CPU.Build.0 = Release|Any CPU
	EndGlobalSection
	GlobalSection(SolutionProperties) = preSolution
		HideSolutionNode = FALSE
	EndGlobalSection
	GlobalSection(ExtensibilityGlobals) = postSolution
		SolutionGuid = {C0E2A144-B84B-45A6-8010-A8FB38C88BB3}
	EndGlobalSection
EndGlobal
